
Microsoft Visual Studio Solution File, Format Version 12.00
# Visual Studio Version 17
VisualStudioVersion = 17.14.36408.4 d17.14
MinimumVisualStudioVersion = 10.0.40219.1
Project("{FAE04EC0-301F-11D3-BF4B-00C04F79EFBC}") = "ITSystem", "ITSystem\ITSystem.csproj", "{49CDA155-694C-4F54-B15F-B5AB0124D223}"
EndProject
Project("{FAE04EC0-301F-11D3-BF4B-00C04F79EFBC}") = "OTSystem", "OTSystem\OTSystem.csproj", "{C7B583B1-59D8-4A21-AE09-8AE3D736D48E}"
EndProject
Project("{FAE04EC0-301F-11D3-BF4B-00C04F79EFBC}") = "IntegrationSystem", "IntegrationSystem\IntegrationSystem.csproj", "{D5B0D5D7-B6C6-4736-B5D0-C973AEF98CF1}"
EndProject
Global
	GlobalSection(SolutionConfigurationPlatforms) = preSolution
		Debug|Any CPU = Debug|Any CPU
		Release|Any CPU = Release|Any CPU
	EndGlobalSection
	GlobalSection(ProjectConfigurationPlatforms) = postSolution
		{49CDA155-694C-4F54-B15F-B5AB0124D223}.Debug|Any CPU.ActiveCfg = Debug|Any CPU
		{49CDA155-694C-4F54-B15F-B5AB0124D223}.Debug|Any CPU.Build.0 = Debug|Any CPU
		{49CDA155-694C-4F54-B15F-B5AB0124D223}.Release|Any CPU.ActiveCfg = Release|Any CPU
		{49CDA155-694C-4F54-B15F-B5AB0124D223}.Release|Any CPU.Build.0 = Release|Any CPU
		{C7B583B1-59D8-4A21-AE09-8AE3D736D48E}.Debug|Any CPU.ActiveCfg = Debug|Any CPU
		{C7B583B1-59D8-4A21-AE09-8AE3D736D48E}.Debug|Any CPU.Build.0 = Debug|Any CPU
		{C7B583B1-59D8-4A21-AE09-8AE3D736D48E}.Release|Any CPU.ActiveCfg = Release|Any CPU
		{C7B583B1-59D8-4A21-AE09-8AE3D736D48E}.Release|Any CPU.Build.0 = Release|Any CPU
		{D5B0D5D7-B6C6-4736-B5D0-C973AEF98CF1}.Debug|Any CPU.ActiveCfg = Debug|Any CPU
		{D5B0D5D7-B6C6-4736-B5D0-C973AEF98CF1}.Debug|Any CPU.Build.0 = Debug|Any CPU
		{D5B0D5D7-B6C6-4736-B5D0-C973AEF98CF1}.Release|Any CPU.ActiveCfg = Release|Any CPU
		{D5B0D5D7-B6C6-4736-B5D0-C973AEF98CF1}.Release|Any CPU.Build.0 = Release|Any CPU
	EndGlobalSection
	GlobalSection(SolutionProperties) = preSolution
		HideSolutionNode = FALSE
	EndGlobalSection
	GlobalSection(ExtensibilityGlobals) = postSolution
		SolutionGuid = {7B5CFBBC-9067-4DEE-8A3C-1B2BCCDC6826}
	EndGlobalSection
EndGlobal
